
Microsoft Visual Studio Solution File, Format Version 12.00
# Visual Studio Version 17
VisualStudioVersion = 17.0.31903.59
MinimumVisualStudioVersion = 10.0.40219.1
Project("{2150E333-8FDC-42A3-9474-1A3956D46DE8}") = "App.Api", "App.Api", "{539ACA57-9116-9D07-94CF-361D8EA91EAF}"
EndProject
Project("{FAE04EC0-301F-11D3-BF4B-00C04F79EFBC}") = "App.API", "App.Api\App.API.csproj", "{C9DD80F6-E9B3-4274-92F2-29FEC0AE40A1}"
EndProject
Project("{2150E333-8FDC-42A3-9474-1A3956D46DE8}") = "Core", "Core", "{FBF56CC3-7AE6-AD2D-3F14-7F97FD322CD6}"
EndProject
Project("{FAE04EC0-301F-11D3-BF4B-00C04F79EFBC}") = "App.Core.Queries", "Core\App.Core.Queries\App.Core.Queries.csproj", "{55E9C080-E17B-4FFE-B506-E9FCD9368A13}"
EndProject
Project("{FAE04EC0-301F-11D3-BF4B-00C04F79EFBC}") = "App.Core.Persistence", "Core\App.Core.Persistence\App.Core.Persistence.csproj", "{62A261EE-C7E4-421C-BB5E-CA49A9436C97}"
EndProject
Project("{FAE04EC0-301F-11D3-BF4B-00C04F79EFBC}") = "App.Core.Command", "Core\App.Core.Command\App.Core.Command.csproj", "{85097F29-7322-4D90-9E9D-551F5AF58A5D}"
EndProject
Project("{FAE04EC0-301F-11D3-BF4B-00C04F79EFBC}") = "App.Core.SharedLibrary", "Core\App.Core.SharedLibrary\App.Core.SharedLibrary.csproj", "{BB6D85EE-C67D-453B-9717-E7454CC76D8E}"
EndProject
Global
	GlobalSection(SolutionConfigurationPlatforms) = preSolution
		Debug|Any CPU = Debug|Any CPU
		Debug|x64 = Debug|x64
		Debug|x86 = Debug|x86
		Release|Any CPU = Release|Any CPU
		Release|x64 = Release|x64
		Release|x86 = Release|x86
	EndGlobalSection
	GlobalSection(ProjectConfigurationPlatforms) = postSolution
		{C9DD80F6-E9B3-4274-92F2-29FEC0AE40A1}.Debug|Any CPU.ActiveCfg = Debug|Any CPU
		{C9DD80F6-E9B3-4274-92F2-29FEC0AE40A1}.Debug|Any CPU.Build.0 = Debug|Any CPU
		{C9DD80F6-E9B3-4274-92F2-29FEC0AE40A1}.Debug|x64.ActiveCfg = Debug|Any CPU
		{C9DD80F6-E9B3-4274-92F2-29FEC0AE40A1}.Debug|x64.Build.0 = Debug|Any CPU
		{C9DD80F6-E9B3-4274-92F2-29FEC0AE40A1}.Debug|x86.ActiveCfg = Debug|Any CPU
		{C9DD80F6-E9B3-4274-92F2-29FEC0AE40A1}.Debug|x86.Build.0 = Debug|Any CPU
		{C9DD80F6-E9B3-4274-92F2-29FEC0AE40A1}.Release|Any CPU.ActiveCfg = Release|Any CPU
		{C9DD80F6-E9B3-4274-92F2-29FEC0AE40A1}.Release|Any CPU.Build.0 = Release|Any CPU
		{C9DD80F6-E9B3-4274-92F2-29FEC0AE40A1}.Release|x64.ActiveCfg = Release|Any CPU
		{C9DD80F6-E9B3-4274-92F2-29FEC0AE40A1}.Release|x64.Build.0 = Release|Any CPU
		{C9DD80F6-E9B3-4274-92F2-29FEC0AE40A1}.Release|x86.ActiveCfg = Release|Any CPU
		{C9DD80F6-E9B3-4274-92F2-29FEC0AE40A1}.Release|x86.Build.0 = Release|Any CPU
		{55E9C080-E17B-4FFE-B506-E9FCD9368A13}.Debug|Any CPU.ActiveCfg = Debug|Any CPU
		{55E9C080-E17B-4FFE-B506-E9FCD9368A13}.Debug|Any CPU.Build.0 = Debug|Any CPU
		{55E9C080-E17B-4FFE-B506-E9FCD9368A13}.Debug|x64.ActiveCfg = Debug|Any CPU
		{55E9C080-E17B-4FFE-B506-E9FCD9368A13}.Debug|x64.Build.0 = Debug|Any CPU
		{55E9C080-E17B-4FFE-B506-E9FCD9368A13}.Debug|x86.ActiveCfg = Debug|Any CPU
		{55E9C080-E17B-4FFE-B506-E9FCD9368A13}.Debug|x86.Build.0 = Debug|Any CPU
		{55E9C080-E17B-4FFE-B506-E9FCD9368A13}.Release|Any CPU.ActiveCfg = Release|Any CPU
		{55E9C080-E17B-4FFE-B506-E9FCD9368A13}.Release|Any CPU.Build.0 = Release|Any CPU
		{55E9C080-E17B-4FFE-B506-E9FCD9368A13}.Release|x64.ActiveCfg = Release|Any CPU
		{55E9C080-E17B-4FFE-B506-E9FCD9368A13}.Release|x64.Build.0 = Release|Any CPU
		{55E9C080-E17B-4FFE-B506-E9FCD9368A13}.Release|x86.ActiveCfg = Release|Any CPU
		{55E9C080-E17B-4FFE-B506-E9FCD9368A13}.Release|x86.Build.0 = Release|Any CPU
		{62A261EE-C7E4-421C-BB5E-CA49A9436C97}.Debug|Any CPU.ActiveCfg = Debug|Any CPU
		{62A261EE-C7E4-421C-BB5E-CA49A9436C97}.Debug|Any CPU.Build.0 = Debug|Any CPU
		{62A261EE-C7E4-421C-BB5E-CA49A9436C97}.Debug|x64.ActiveCfg = Debug|Any CPU
		{62A261EE-C7E4-421C-BB5E-CA49A9436C97}.Debug|x64.Build.0 = Debug|Any CPU
		{62A261EE-C7E4-421C-BB5E-CA49A9436C97}.Debug|x86.ActiveCfg = Debug|Any CPU
		{62A261EE-C7E4-421C-BB5E-CA49A9436C97}.Debug|x86.Build.0 = Debug|Any CPU
		{62A261EE-C7E4-421C-BB5E-CA49A9436C97}.Release|Any CPU.ActiveCfg = Release|Any CPU
		{62A261EE-C7E4-421C-BB5E-CA49A9436C97}.Release|Any CPU.Build.0 = Release|Any CPU
		{62A261EE-C7E4-421C-BB5E-CA49A9436C97}.Release|x64.ActiveCfg = Release|Any CPU
		{62A261EE-C7E4-421C-BB5E-CA49A9436C97}.Release|x64.Build.0 = Release|Any CPU
		{62A261EE-C7E4-421C-BB5E-CA49A9436C97}.Release|x86.ActiveCfg = Release|Any CPU
		{62A261EE-C7E4-421C-BB5E-CA49A9436C97}.Release|x86.Build.0 = Release|Any CPU
		{85097F29-7322-4D90-9E9D-551F5AF58A5D}.Debug|Any CPU.ActiveCfg = Debug|Any CPU
		{85097F29-7322-4D90-9E9D-551F5AF58A5D}.Debug|Any CPU.Build.0 = Debug|Any CPU
		{85097F29-7322-4D90-9E9D-551F5AF58A5D}.Debug|x64.ActiveCfg = Debug|Any CPU
		{85097F29-7322-4D90-9E9D-551F5AF58A5D}.Debug|x64.Build.0 = Debug|Any CPU
		{85097F29-7322-4D90-9E9D-551F5AF58A5D}.Debug|x86.ActiveCfg = Debug|Any CPU
		{85097F29-7322-4D90-9E9D-551F5AF58A5D}.Debug|x86.Build.0 = Debug|Any CPU
		{85097F29-7322-4D90-9E9D-551F5AF58A5D}.Release|Any CPU.ActiveCfg = Release|Any CPU
		{85097F29-7322-4D90-9E9D-551F5AF58A5D}.Release|Any CPU.Build.0 = Release|Any CPU
		{85097F29-7322-4D90-9E9D-551F5AF58A5D}.Release|x64.ActiveCfg = Release|Any CPU
		{85097F29-7322-4D90-9E9D-551F5AF58A5D}.Release|x64.Build.0 = Release|Any CPU
		{85097F29-7322-4D90-9E9D-551F5AF58A5D}.Release|x86.ActiveCfg = Release|Any CPU
		{85097F29-7322-4D90-9E9D-551F5AF58A5D}.Release|x86.Build.0 = Release|Any CPU
		{BB6D85EE-C67D-453B-9717-E7454CC76D8E}.Debug|Any CPU.ActiveCfg = Debug|Any CPU
		{BB6D85EE-C67D-453B-9717-E7454CC76D8E}.Debug|Any CPU.Build.0 = Debug|Any CPU
		{BB6D85EE-C67D-453B-9717-E7454CC76D8E}.Debug|x64.ActiveCfg = Debug|Any CPU
		{BB6D85EE-C67D-453B-9717-E7454CC76D8E}.Debug|x64.Build.0 = Debug|Any CPU
		{BB6D85EE-C67D-453B-9717-E7454CC76D8E}.Debug|x86.ActiveCfg = Debug|Any CPU
		{BB6D85EE-C67D-453B-9717-E7454CC76D8E}.Debug|x86.Build.0 = Debug|Any CPU
		{BB6D85EE-C67D-453B-9717-E7454CC76D8E}.Release|Any CPU.ActiveCfg = Release|Any CPU
		{BB6D85EE-C67D-453B-9717-E7454CC76D8E}.Release|Any CPU.Build.0 = Release|Any CPU
		{BB6D85EE-C67D-453B-9717-E7454CC76D8E}.Release|x64.ActiveCfg = Release|Any CPU
		{BB6D85EE-C67D-453B-9717-E7454CC76D8E}.Release|x64.Build.0 = Release|Any CPU
		{BB6D85EE-C67D-453B-9717-E7454CC76D8E}.Release|x86.ActiveCfg = Release|Any CPU
		{BB6D85EE-C67D-453B-9717-E7454CC76D8E}.Release|x86.Build.0 = Release|Any CPU
	EndGlobalSection
	GlobalSection(SolutionProperties) = preSolution
		HideSolutionNode = FALSE
	EndGlobalSection
	GlobalSection(NestedProjects) = preSolution
		{C9DD80F6-E9B3-4274-92F2-29FEC0AE40A1} = {539ACA57-9116-9D07-94CF-361D8EA91EAF}
		{55E9C080-E17B-4FFE-B506-E9FCD9368A13} = {FBF56CC3-7AE6-AD2D-3F14-7F97FD322CD6}
		{62A261EE-C7E4-421C-BB5E-CA49A9436C97} = {FBF56CC3-7AE6-AD2D-3F14-7F97FD322CD6}
		{85097F29-7322-4D90-9E9D-551F5AF58A5D} = {FBF56CC3-7AE6-AD2D-3F14-7F97FD322CD6}
		{BB6D85EE-C67D-453B-9717-E7454CC76D8E} = {FBF56CC3-7AE6-AD2D-3F14-7F97FD322CD6}
	EndGlobalSection
EndGlobal
